
Microsoft Visual Studio Solution File, Format Version 12.00
# Visual Studio Version 16
VisualStudioVersion = 16.0.29403.142
MinimumVisualStudioVersion = 10.0.40219.1
Project("{888888A0-9F3D-457C-B088-3A5042F75D52}") = "Canny Edge Detection", "Canny Edge Detection.pyproj", "{DC3F00FB-B751-4799-BB5F-901085CA4D8E}"
EndProject
Global
	GlobalSection(SolutionConfigurationPlatforms) = preSolution
		Debug|Any CPU = Debug|Any CPU
		Release|Any CPU = Release|Any CPU
	EndGlobalSection
	GlobalSection(ProjectConfigurationPlatforms) = postSolution
		{DC3F00FB-B751-4799-BB5F-901085CA4D8E}.Debug|Any CPU.ActiveCfg = Debug|Any CPU
		{DC3F00FB-B751-4799-BB5F-901085CA4D8E}.Release|Any CPU.ActiveCfg = Release|Any CPU
	EndGlobalSection
	GlobalSection(SolutionProperties) = preSolution
		HideSolutionNode = FALSE
	EndGlobalSection
	GlobalSection(ExtensibilityGlobals) = postSolution
		SolutionGuid = {863DBD2D-CB91-46DC-BD84-E35F5C3244FC}
	EndGlobalSection
EndGlobal
